github.com/electricbubble/go-usbmuxd-device v0.0.2 h1:uanphgI4aaxF4aN3yyJjniOEjmou301d6vLfo8se7JM=
github.com/electricbubble/go-usbmuxd-device v0.0.2/go.mod h1:t/OklyxjyGRHGWCc4wnJe5jJFNbpS+unEQ0NeQO8upI=
github.com/electricbubble/gwda v0.1.1 h1:gW1QiKHokaNPOl91deKESXKdhDu3H2keBNAyZKf/Jss=
github.com/electricbubble/gwda v0.1.1/go.mod h1:CSfX2xAF/kXMG2VIQFTZoP1e4EiuAb1sISxJ6masyK4=
github.com/electricbubble/opencv-helper v0.0.3 h1:p0sHTUPPPm8GqzVUtYH+wQbJoguzotUXVRAS7Ibk7nI=
github.com/electricbubble/opencv-helper v0.0.3/go.mod h1:VHB21p5xsIjXUsUleWSaKGJosRsRAO7cuJoZKf7uCcc=
github.com/jessevdk/go-flags v1.4.0/go.mod h1:4FA24M0QyGHXBuZZK/XkWh8h0e1EYbRYJSGM75WSRxI=
github.com/kr/pretty v0.1.0/go.mod h1:dAy3ld7l9f0ibDNOQOHHMYYIIbhfbHSm3C4ZsoJORNo=
github.com/kr/pty v1.1.1/go.mod h1:pFQYn66WHrOpPYNljwOMqo10TkYh1fy3cYio2l3bCsQ=
github.com/kr/text v0.1.0/go.mod h1:4Jbv+DJW3UT/LiOwJeYQe1efqtUx/iVham/4vfdArNI=
github.com/pascaldekloe/goe v0.1.0/go.mod h1:lzWF7FIEvWOWxwDKqyGYQf6ZUaNfKdP144TG7ZOy1lc=
gocv.io/x/gocv v0.27.0 h1:3X8I74ULsWHd4m7DQRv2Nqx5VkKscfUFnKgLNodiboI=
gocv.io/x/gocv v0.27.0/go.mod h1:n4LnYjykU6y9gn48yZf4eLCdtuSb77XxSkW6g0wGf/A=
gopkg.in/check.v1 v0.0.0-20161208181325-20d25e280405/go.mod h1:Co6ibVJAznAaIkqp8huTwlJQCZ016jof/cbN4VW5Yz0=
gopkg.in/check.v1 v1.0.0-20180628173108-788fd7840127/go.mod h1:Co6ibVJAznAaIkqp8huTwlJQCZ016jof/cbN4VW5Yz0=
gopkg.in/yaml.v2 v2.2.1/go.mod h1:hI93XBmqTisBFMUTm0b8Fm+jr3Dg1NNxqwp+5A1VGuI=
howett.net/plist v0.0.0-20200419221736-3b63eb3a43b5 h1:AQkaJpH+/FmqRjmXZPELom5zIERYZfwTjnHpfoVMQEc=
howett.net/plist v0.0.0-20200419221736-3b63eb3a43b5/go.mod h1:vMygbs4qMhSZSc4lCUl2OEE+rDiIIJAIdR4m7MiMcm0=
